
Microsoft Visual Studio Solution File, Format Version 12.00
# Visual Studio Version 17
VisualStudioVersion = 17.8.34330.188
MinimumVisualStudioVersion = 10.0.40219.1
Project("{FAE04EC0-301F-11D3-BF4B-00C04F79EFBC}") = "JobBackEnd", "JobBackEnd\JobBackEnd.csproj", "{6175E7DB-E21B-48C0-9495-DE8DF010F87B}"
EndProject
Project("{2150E333-8FDC-42A3-9474-1A3956D46DE8}") = "Sln", "Sln", "{C2036C8E-39C8-40D9-99D3-2FCEA1064B52}"
EndProject
Project("{FAE04EC0-301F-11D3-BF4B-00C04F79EFBC}") = "JobBackEnd.BLL", "JobBackEnd.BLL\JobBackEnd.BLL.csproj", "{ADD53D65-939F-4B24-B367-5BDD3D53E61E}"
EndProject
Project("{FAE04EC0-301F-11D3-BF4B-00C04F79EFBC}") = "JobBackEnd.DAL", "JobBackEnd.DAL\JobBackEnd.DAL.csproj", "{0668B084-441E-47F8-A7F6-53CF47746468}"
EndProject
Global
	GlobalSection(SolutionConfigurationPlatforms) = preSolution
		Debug|Any CPU = Debug|Any CPU
		Release|Any CPU = Release|Any CPU
	EndGlobalSection
	GlobalSection(ProjectConfigurationPlatforms) = postSolution
		{6175E7DB-E21B-48C0-9495-DE8DF010F87B}.Debug|Any CPU.ActiveCfg = Debug|Any CPU
		{6175E7DB-E21B-48C0-9495-DE8DF010F87B}.Debug|Any CPU.Build.0 = Debug|Any CPU
		{6175E7DB-E21B-48C0-9495-DE8DF010F87B}.Release|Any CPU.ActiveCfg = Release|Any CPU
		{6175E7DB-E21B-48C0-9495-DE8DF010F87B}.Release|Any CPU.Build.0 = Release|Any CPU
		{ADD53D65-939F-4B24-B367-5BDD3D53E61E}.Debug|Any CPU.ActiveCfg = Debug|Any CPU
		{ADD53D65-939F-4B24-B367-5BDD3D53E61E}.Debug|Any CPU.Build.0 = Debug|Any CPU
		{ADD53D65-939F-4B24-B367-5BDD3D53E61E}.Release|Any CPU.ActiveCfg = Release|Any CPU
		{ADD53D65-939F-4B24-B367-5BDD3D53E61E}.Release|Any CPU.Build.0 = Release|Any CPU
		{0668B084-441E-47F8-A7F6-53CF47746468}.Debug|Any CPU.ActiveCfg = Debug|Any CPU
		{0668B084-441E-47F8-A7F6-53CF47746468}.Debug|Any CPU.Build.0 = Debug|Any CPU
		{0668B084-441E-47F8-A7F6-53CF47746468}.Release|Any CPU.ActiveCfg = Release|Any CPU
		{0668B084-441E-47F8-A7F6-53CF47746468}.Release|Any CPU.Build.0 = Release|Any CPU
	EndGlobalSection
	GlobalSection(SolutionProperties) = preSolution
		HideSolutionNode = FALSE
	EndGlobalSection
	GlobalSection(NestedProjects) = preSolution
		{6175E7DB-E21B-48C0-9495-DE8DF010F87B} = {C2036C8E-39C8-40D9-99D3-2FCEA1064B52}
		{ADD53D65-939F-4B24-B367-5BDD3D53E61E} = {C2036C8E-39C8-40D9-99D3-2FCEA1064B52}
		{0668B084-441E-47F8-A7F6-53CF47746468} = {C2036C8E-39C8-40D9-99D3-2FCEA1064B52}
	EndGlobalSection
	GlobalSection(ExtensibilityGlobals) = postSolution
		SolutionGuid = {CB20694D-C39F-47FC-A3AC-AEDDF9D6498C}
	EndGlobalSection
EndGlobal
